
Microsoft Visual Studio Solution File, Format Version 11.00
# Visual Studio 2010
Project("{8BC9CEB8-8B4A-11D0-8D11-00A0C91BC942}") = "md5_file_Demo_1", "md5_file_Demo_1\md5_file_Demo_1.vcxproj", "{D88A9217-53D5-4AF7-B221-B24300209AB7}"
EndProject
Global
	GlobalSection(SolutionConfigurationPlatforms) = preSolution
		Debug|Win32 = Debug|Win32
		Release|Win32 = Release|Win32
	EndGlobalSection
	GlobalSection(ProjectConfigurationPlatforms) = postSolution
		{D88A9217-53D5-4AF7-B221-B24300209AB7}.Debug|Win32.ActiveCfg = Debug|Win32
		{D88A9217-53D5-4AF7-B221-B24300209AB7}.Debug|Win32.Build.0 = Debug|Win32
		{D88A9217-53D5-4AF7-B221-B24300209AB7}.Release|Win32.ActiveCfg = Release|Win32
		{D88A9217-53D5-4AF7-B221-B24300209AB7}.Release|Win32.Build.0 = Release|Win32
	EndGlobalSection
	GlobalSection(SolutionProperties) = preSolution
		HideSolutionNode = FALSE
	EndGlobalSection
EndGlobal
